
Microsoft Visual Studio Solution File, Format Version 12.00
# Visual Studio 14
VisualStudioVersion = 14.0.25420.1
MinimumVisualStudioVersion = 10.0.40219.1
Project("{2150E333-8FDC-42A3-9474-1A3956D46DE8}") = "_dll", "_dll", "{DAAE4452-330A-4B41-94DF-76FD0DBBAD90}"
	ProjectSection(SolutionItems) = preProject
		_dlls\AjaxControlToolkit.dll = _dlls\AjaxControlToolkit.dll
		_dlls\Cinar.CMS.Library.dll = _dlls\Cinar.CMS.Library.dll
		_dlls\Cinar.CMS.Library.pdb = _dlls\Cinar.CMS.Library.pdb
		_dlls\Cinar.Common.dll = _dlls\Cinar.Common.dll
		_dlls\Cinar.Common.pdb = _dlls\Cinar.Common.pdb
		_dlls\Cinar.Database.dll = _dlls\Cinar.Database.dll
		_dlls\Cinar.Database.pdb = _dlls\Cinar.Database.pdb
		_dlls\Cinar.Extensions.dll = _dlls\Cinar.Extensions.dll
		_dlls\Cinar.Extensions.pdb = _dlls\Cinar.Extensions.pdb
		_dlls\Cinar.POP3.dll = _dlls\Cinar.POP3.dll
		_dlls\Cinar.POP3.pdb = _dlls\Cinar.POP3.pdb
		_dlls\Cinar.Scheduler.dll = _dlls\Cinar.Scheduler.dll
		_dlls\Cinar.Scheduler.pdb = _dlls\Cinar.Scheduler.pdb
		_dlls\Cinar.Scripting.dll = _dlls\Cinar.Scripting.dll
		_dlls\Cinar.Scripting.pdb = _dlls\Cinar.Scripting.pdb
		_dlls\Cinar.SQLEngine.dll = _dlls\Cinar.SQLEngine.dll
		_dlls\Cinar.SQLEngine.pdb = _dlls\Cinar.SQLEngine.pdb
		_dlls\Cinar.SQLParser.dll = _dlls\Cinar.SQLParser.dll
		_dlls\Cinar.SQLParser.pdb = _dlls\Cinar.SQLParser.pdb
		_dlls\ConwayControls.dll = _dlls\ConwayControls.dll
		_dlls\CookComputing.XmlRpc.CF.dll = _dlls\CookComputing.XmlRpc.CF.dll
		_dlls\CookComputing.XmlRpcV2.dll = _dlls\CookComputing.XmlRpcV2.dll
		_dlls\EntityFramework.dll = _dlls\EntityFramework.dll
		_dlls\ePayment.dll = _dlls\ePayment.dll
		_dlls\Facebook.dll = _dlls\Facebook.dll
		_dlls\Facebook.xml = _dlls\Facebook.xml
		_dlls\FastReport.Bars.dll = _dlls\FastReport.Bars.dll
		_dlls\FastReport.dll = _dlls\FastReport.dll
		_dlls\FastReport.Editor.dll = _dlls\FastReport.Editor.dll
		_dlls\FastReport.Install.dll = _dlls\FastReport.Install.dll
		_dlls\HtmlAgilityPack.dll = _dlls\HtmlAgilityPack.dll
		_dlls\HtmlAgilityPack.pdb = _dlls\HtmlAgilityPack.pdb
		_dlls\HtmlAgilityPack.xml = _dlls\HtmlAgilityPack.xml
		_dlls\ICSharpCode.SharpZipLib.dll = _dlls\ICSharpCode.SharpZipLib.dll
		_dlls\ICSharpCode.TextEditor.dll = _dlls\ICSharpCode.TextEditor.dll
		_dlls\idnlib.dll = _dlls\idnlib.dll
		_dlls\Innova.IPay.APM.Connector.dll = _dlls\Innova.IPay.APM.Connector.dll
		_dlls\Interop.FastReport.dll = _dlls\Interop.FastReport.dll
		_dlls\Interop.MSXML2.dll = _dlls\Interop.MSXML2.dll
		_dlls\itextsharp.dll = _dlls\itextsharp.dll
		_dlls\log4net.dll = _dlls\log4net.dll
		_dlls\log4net.xml = _dlls\log4net.xml
		_dlls\MailEnable.Admin.dll = _dlls\MailEnable.Admin.dll
		_dlls\MEStore.dll = _dlls\MEStore.dll
		_dlls\Microsoft.Practices.ServiceLocation.dll = _dlls\Microsoft.Practices.ServiceLocation.dll
		_dlls\Microsoft.Practices.Unity.Configuration.dll = _dlls\Microsoft.Practices.Unity.Configuration.dll
		_dlls\Microsoft.Practices.Unity.dll = _dlls\Microsoft.Practices.Unity.dll
		_dlls\Mono.Security.dll = _dlls\Mono.Security.dll
		_dlls\MySql.Data.dll = _dlls\MySql.Data.dll
		_dlls\MySql.Data.Entity.dll = _dlls\MySql.Data.Entity.dll
		_dlls\Newtonsoft.Json.dll = _dlls\Newtonsoft.Json.dll
		_dlls\Newtonsoft.Json.xml = _dlls\Newtonsoft.Json.xml
		_dlls\Npgsql.dll = _dlls\Npgsql.dll
		_dlls\OrderBoxCoreLib.dll = _dlls\OrderBoxCoreLib.dll
		_dlls\OrderBoxDomainsLib.dll = _dlls\OrderBoxDomainsLib.dll
		_dlls\PosnetDotNetModule.dll = _dlls\PosnetDotNetModule.dll
		_dlls\PosnetDotNetTDSOOSModule.dll = _dlls\PosnetDotNetTDSOOSModule.dll
		_dlls\ReadingAndWritingTxt.dll = _dlls\ReadingAndWritingTxt.dll
		_dlls\SDNSAPI.dll = _dlls\SDNSAPI.dll
		_dlls\SDNSAPI.xml = _dlls\SDNSAPI.xml
		_dlls\SMSLibrary.dll = _dlls\SMSLibrary.dll
		_dlls\System.Data.SQLite.dll = _dlls\System.Data.SQLite.dll
		_dlls\WebControls.dll = _dlls\WebControls.dll
	EndProjectSection
EndProject
Project("{2150E333-8FDC-42A3-9474-1A3956D46DE8}") = "Monolitus", "Monolitus", "{AF5B479B-32EE-45F3-AEBF-2F220F554F4E}"
EndProject
Project("{FAE04EC0-301F-11D3-BF4B-00C04F79EFBC}") = "Cinar.Common", "..\Cinar\Cinar.Common\Cinar.Common.csproj", "{E9B26A78-06FF-4D79-9C37-D4198DF126EB}"
EndProject
Project("{FAE04EC0-301F-11D3-BF4B-00C04F79EFBC}") = "Cinar.Database", "..\Cinar\Cinar.Database\Cinar.Database.csproj", "{6727C03B-4CF9-4670-B2EC-63FACFBE5DFA}"
EndProject
Project("{FAE04EC0-301F-11D3-BF4B-00C04F79EFBC}") = "Cinar.Extensions", "..\Cinar\Cinar.Extensions\Cinar.Extensions.csproj", "{AF6CB4F3-3A42-49B1-90CA-03310EFAE89B}"
EndProject
Project("{FAE04EC0-301F-11D3-BF4B-00C04F79EFBC}") = "Cinar.CMS.Library", "..\Cinar\Cinar.CMS.Library\Cinar.CMS.Library.csproj", "{97BEE0DF-85DB-4265-A5A7-C8C11B9C9322}"
EndProject
Project("{FAE04EC0-301F-11D3-BF4B-00C04F79EFBC}") = "Cinar.Scripting", "..\Cinar\Cinar.Scripting\Cinar.Scripting.csproj", "{D33BDA95-9E9B-4B97-BF2A-B3520D8928F3}"
EndProject
Project("{2150E333-8FDC-42A3-9474-1A3956D46DE8}") = "Cinar", "Cinar", "{26C421B0-BE87-4069-96D8-A0340BF4A50C}"
EndProject
Project("{2150E333-8FDC-42A3-9474-1A3956D46DE8}") = "UI", "UI", "{C2161ECB-0FD1-4E36-8CA5-5C977D10BA1B}"
EndProject
Project("{FAE04EC0-301F-11D3-BF4B-00C04F79EFBC}") = "Monolitus.API", "Monolitus.API\Monolitus.API.csproj", "{359A6D31-18DB-403A-8807-3713340AA331}"
EndProject
Project("{FAE04EC0-301F-11D3-BF4B-00C04F79EFBC}") = "Monolitus.DTO", "Monolitus.DTO\Monolitus.DTO.csproj", "{5243104C-6260-4950-AFEC-103F425CCD2B}"
EndProject
Project("{E24C65DC-7377-472B-9ABA-BC803B73C61A}") = "Monolitus.CMS", "Monolitus.CMS\", "{13408D58-4E0B-444D-BF71-F9ABAC7803FA}"
	ProjectSection(WebsiteProperties) = preProject
		TargetFrameworkMoniker = ".NETFramework,Version%3Dv4.0"
		ProjectReferences = "{97bee0df-85db-4265-a5a7-c8c11b9c9322}|Cinar.CMS.Library.dll;{E9B26A78-06FF-4D79-9C37-D4198DF126EB}|Cinar.Common.dll;{AF6CB4F3-3A42-49B1-90CA-03310EFAE89B}|Cinar.Extensions.dll;{6727C03B-4CF9-4670-B2EC-63FACFBE5DFA}|Cinar.Database.dll;{D33BDA95-9E9B-4B97-BF2A-B3520D8928F3}|Cinar.Scripting.dll;{5243104c-6260-4950-afec-103f425ccd2b}|Monolitus.DTO.dll;"
		Debug.AspNetCompiler.VirtualPath = "/Monolitus.CMS"
		Debug.AspNetCompiler.PhysicalPath = "Monolitus.CMS\"
		Debug.AspNetCompiler.TargetPath = "PrecompiledWeb\Monolitus.CMS\"
		Debug.AspNetCompiler.Updateable = "true"
		Debug.AspNetCompiler.ForceOverwrite = "true"
		Debug.AspNetCompiler.FixedNames = "false"
		Debug.AspNetCompiler.Debug = "True"
		Release.AspNetCompiler.VirtualPath = "/Monolitus.CMS"
		Release.AspNetCompiler.PhysicalPath = "Monolitus.CMS\"
		Release.AspNetCompiler.TargetPath = "PrecompiledWeb\Monolitus.CMS\"
		Release.AspNetCompiler.Updateable = "true"
		Release.AspNetCompiler.ForceOverwrite = "true"
		Release.AspNetCompiler.FixedNames = "false"
		Release.AspNetCompiler.Debug = "False"
		VWDPort = "13486"
		VWDVirtualPath = "/"
		SlnRelativePath = "Monolitus.CMS\"
	EndProjectSection
EndProject
Project("{FAE04EC0-301F-11D3-BF4B-00C04F79EFBC}") = "Monolitus.API.Client", "Monolitus.API.Client\Monolitus.API.Client.csproj", "{8356AD41-8858-4433-A318-4A9593B1D722}"
EndProject
Global
	GlobalSection(SolutionConfigurationPlatforms) = preSolution
		Debug|Any CPU = Debug|Any CPU
		Debug|ARM = Debug|ARM
		Debug|Mixed Platforms = Debug|Mixed Platforms
		Debug|x64 = Debug|x64
		Debug|x86 = Debug|x86
		HyperVDebug|Any CPU = HyperVDebug|Any CPU
		HyperVDebug|ARM = HyperVDebug|ARM
		HyperVDebug|Mixed Platforms = HyperVDebug|Mixed Platforms
		HyperVDebug|x64 = HyperVDebug|x64
		HyperVDebug|x86 = HyperVDebug|x86
		MembershipDebug|Any CPU = MembershipDebug|Any CPU
		MembershipDebug|ARM = MembershipDebug|ARM
		MembershipDebug|Mixed Platforms = MembershipDebug|Mixed Platforms
		MembershipDebug|x64 = MembershipDebug|x64
		MembershipDebug|x86 = MembershipDebug|x86
		Release|Any CPU = Release|Any CPU
		Release|ARM = Release|ARM
		Release|Mixed Platforms = Release|Mixed Platforms
		Release|x64 = Release|x64
		Release|x86 = Release|x86
	EndGlobalSection
	GlobalSection(ProjectConfigurationPlatforms) = postSolution
		{E9B26A78-06FF-4D79-9C37-D4198DF126EB}.Debug|Any CPU.ActiveCfg = Debug|Any CPU
		{E9B26A78-06FF-4D79-9C37-D4198DF126EB}.Debug|Any CPU.Build.0 = Debug|Any CPU
		{E9B26A78-06FF-4D79-9C37-D4198DF126EB}.Debug|ARM.ActiveCfg = Debug|Any CPU
		{E9B26A78-06FF-4D79-9C37-D4198DF126EB}.Debug|Mixed Platforms.ActiveCfg = Debug|Any CPU
		{E9B26A78-06FF-4D79-9C37-D4198DF126EB}.Debug|Mixed Platforms.Build.0 = Debug|Any CPU
		{E9B26A78-06FF-4D79-9C37-D4198DF126EB}.Debug|x64.ActiveCfg = Debug|Any CPU
		{E9B26A78-06FF-4D79-9C37-D4198DF126EB}.Debug|x86.ActiveCfg = Debug|Any CPU
		{E9B26A78-06FF-4D79-9C37-D4198DF126EB}.HyperVDebug|Any CPU.ActiveCfg = Debug|Any CPU
		{E9B26A78-06FF-4D79-9C37-D4198DF126EB}.HyperVDebug|Any CPU.Build.0 = Debug|Any CPU
		{E9B26A78-06FF-4D79-9C37-D4198DF126EB}.HyperVDebug|ARM.ActiveCfg = Debug|Any CPU
		{E9B26A78-06FF-4D79-9C37-D4198DF126EB}.HyperVDebug|Mixed Platforms.ActiveCfg = Debug|Any CPU
		{E9B26A78-06FF-4D79-9C37-D4198DF126EB}.HyperVDebug|Mixed Platforms.Build.0 = Debug|Any CPU
		{E9B26A78-06FF-4D79-9C37-D4198DF126EB}.HyperVDebug|x64.ActiveCfg = Debug|Any CPU
		{E9B26A78-06FF-4D79-9C37-D4198DF126EB}.HyperVDebug|x86.ActiveCfg = Debug|Any CPU
		{E9B26A78-06FF-4D79-9C37-D4198DF126EB}.MembershipDebug|Any CPU.ActiveCfg = Debug|Any CPU
		{E9B26A78-06FF-4D79-9C37-D4198DF126EB}.MembershipDebug|Any CPU.Build.0 = Debug|Any CPU
		{E9B26A78-06FF-4D79-9C37-D4198DF126EB}.MembershipDebug|ARM.ActiveCfg = Debug|Any CPU
		{E9B26A78-06FF-4D79-9C37-D4198DF126EB}.MembershipDebug|Mixed Platforms.ActiveCfg = Debug|Any CPU
		{E9B26A78-06FF-4D79-9C37-D4198DF126EB}.MembershipDebug|Mixed Platforms.Build.0 = Debug|Any CPU
		{E9B26A78-06FF-4D79-9C37-D4198DF126EB}.MembershipDebug|x64.ActiveCfg = Debug|Any CPU
		{E9B26A78-06FF-4D79-9C37-D4198DF126EB}.MembershipDebug|x86.ActiveCfg = Debug|Any CPU
		{E9B26A78-06FF-4D79-9C37-D4198DF126EB}.Release|Any CPU.ActiveCfg = Release|Any CPU
		{E9B26A78-06FF-4D79-9C37-D4198DF126EB}.Release|Any CPU.Build.0 = Release|Any CPU
		{E9B26A78-06FF-4D79-9C37-D4198DF126EB}.Release|ARM.ActiveCfg = Release|Any CPU
		{E9B26A78-06FF-4D79-9C37-D4198DF126EB}.Release|Mixed Platforms.ActiveCfg = Release|Any CPU
		{E9B26A78-06FF-4D79-9C37-D4198DF126EB}.Release|Mixed Platforms.Build.0 = Release|Any CPU
		{E9B26A78-06FF-4D79-9C37-D4198DF126EB}.Release|x64.ActiveCfg = Release|Any CPU
		{E9B26A78-06FF-4D79-9C37-D4198DF126EB}.Release|x86.ActiveCfg = Release|Any CPU
		{6727C03B-4CF9-4670-B2EC-63FACFBE5DFA}.Debug|Any CPU.ActiveCfg = Debug|Any CPU
		{6727C03B-4CF9-4670-B2EC-63FACFBE5DFA}.Debug|Any CPU.Build.0 = Debug|Any CPU
		{6727C03B-4CF9-4670-B2EC-63FACFBE5DFA}.Debug|ARM.ActiveCfg = Debug|Any CPU
		{6727C03B-4CF9-4670-B2EC-63FACFBE5DFA}.Debug|Mixed Platforms.ActiveCfg = Debug|Any CPU
		{6727C03B-4CF9-4670-B2EC-63FACFBE5DFA}.Debug|Mixed Platforms.Build.0 = Debug|Any CPU
		{6727C03B-4CF9-4670-B2EC-63FACFBE5DFA}.Debug|x64.ActiveCfg = Debug|Any CPU
		{6727C03B-4CF9-4670-B2EC-63FACFBE5DFA}.Debug|x86.ActiveCfg = Debug|Any CPU
		{6727C03B-4CF9-4670-B2EC-63FACFBE5DFA}.HyperVDebug|Any CPU.ActiveCfg = Debug|Any CPU
		{6727C03B-4CF9-4670-B2EC-63FACFBE5DFA}.HyperVDebug|Any CPU.Build.0 = Debug|Any CPU
		{6727C03B-4CF9-4670-B2EC-63FACFBE5DFA}.HyperVDebug|ARM.ActiveCfg = Debug|Any CPU
		{6727C03B-4CF9-4670-B2EC-63FACFBE5DFA}.HyperVDebug|Mixed Platforms.ActiveCfg = Debug|Any CPU
		{6727C03B-4CF9-4670-B2EC-63FACFBE5DFA}.HyperVDebug|Mixed Platforms.Build.0 = Debug|Any CPU
		{6727C03B-4CF9-4670-B2EC-63FACFBE5DFA}.HyperVDebug|x64.ActiveCfg = Debug|Any CPU
		{6727C03B-4CF9-4670-B2EC-63FACFBE5DFA}.HyperVDebug|x86.ActiveCfg = Debug|Any CPU
		{6727C03B-4CF9-4670-B2EC-63FACFBE5DFA}.MembershipDebug|Any CPU.ActiveCfg = Debug|Any CPU
		{6727C03B-4CF9-4670-B2EC-63FACFBE5DFA}.MembershipDebug|Any CPU.Build.0 = Debug|Any CPU
		{6727C03B-4CF9-4670-B2EC-63FACFBE5DFA}.MembershipDebug|ARM.ActiveCfg = Debug|Any CPU
		{6727C03B-4CF9-4670-B2EC-63FACFBE5DFA}.MembershipDebug|Mixed Platforms.ActiveCfg = Debug|Any CPU
		{6727C03B-4CF9-4670-B2EC-63FACFBE5DFA}.MembershipDebug|Mixed Platforms.Build.0 = Debug|Any CPU
		{6727C03B-4CF9-4670-B2EC-63FACFBE5DFA}.MembershipDebug|x64.ActiveCfg = Debug|Any CPU
		{6727C03B-4CF9-4670-B2EC-63FACFBE5DFA}.MembershipDebug|x86.ActiveCfg = Debug|Any CPU
		{6727C03B-4CF9-4670-B2EC-63FACFBE5DFA}.Release|Any CPU.ActiveCfg = Release|Any CPU
		{6727C03B-4CF9-4670-B2EC-63FACFBE5DFA}.Release|Any CPU.Build.0 = Release|Any CPU
		{6727C03B-4CF9-4670-B2EC-63FACFBE5DFA}.Release|ARM.ActiveCfg = Release|Any CPU
		{6727C03B-4CF9-4670-B2EC-63FACFBE5DFA}.Release|Mixed Platforms.ActiveCfg = Release|Any CPU
		{6727C03B-4CF9-4670-B2EC-63FACFBE5DFA}.Release|Mixed Platforms.Build.0 = Release|Any CPU
		{6727C03B-4CF9-4670-B2EC-63FACFBE5DFA}.Release|x64.ActiveCfg = Release|Any CPU
		{6727C03B-4CF9-4670-B2EC-63FACFBE5DFA}.Release|x86.ActiveCfg = Release|Any CPU
		{AF6CB4F3-3A42-49B1-90CA-03310EFAE89B}.Debug|Any CPU.ActiveCfg = Debug|Any CPU
		{AF6CB4F3-3A42-49B1-90CA-03310EFAE89B}.Debug|Any CPU.Build.0 = Debug|Any CPU
		{AF6CB4F3-3A42-49B1-90CA-03310EFAE89B}.Debug|ARM.ActiveCfg = Debug|Any CPU
		{AF6CB4F3-3A42-49B1-90CA-03310EFAE89B}.Debug|Mixed Platforms.ActiveCfg = Debug|Any CPU
		{AF6CB4F3-3A42-49B1-90CA-03310EFAE89B}.Debug|Mixed Platforms.Build.0 = Debug|Any CPU
		{AF6CB4F3-3A42-49B1-90CA-03310EFAE89B}.Debug|x64.ActiveCfg = Debug|Any CPU
		{AF6CB4F3-3A42-49B1-90CA-03310EFAE89B}.Debug|x86.ActiveCfg = Debug|Any CPU
		{AF6CB4F3-3A42-49B1-90CA-03310EFAE89B}.HyperVDebug|Any CPU.ActiveCfg = Debug|Any CPU
		{AF6CB4F3-3A42-49B1-90CA-03310EFAE89B}.HyperVDebug|Any CPU.Build.0 = Debug|Any CPU
		{AF6CB4F3-3A42-49B1-90CA-03310EFAE89B}.HyperVDebug|ARM.ActiveCfg = Debug|Any CPU
		{AF6CB4F3-3A42-49B1-90CA-03310EFAE89B}.HyperVDebug|Mixed Platforms.ActiveCfg = Debug|Any CPU
		{AF6CB4F3-3A42-49B1-90CA-03310EFAE89B}.HyperVDebug|Mixed Platforms.Build.0 = Debug|Any CPU
		{AF6CB4F3-3A42-49B1-90CA-03310EFAE89B}.HyperVDebug|x64.ActiveCfg = Debug|Any CPU
		{AF6CB4F3-3A42-49B1-90CA-03310EFAE89B}.HyperVDebug|x86.ActiveCfg = Debug|Any CPU
		{AF6CB4F3-3A42-49B1-90CA-03310EFAE89B}.MembershipDebug|Any CPU.ActiveCfg = Debug|Any CPU
		{AF6CB4F3-3A42-49B1-90CA-03310EFAE89B}.MembershipDebug|Any CPU.Build.0 = Debug|Any CPU
		{AF6CB4F3-3A42-49B1-90CA-03310EFAE89B}.MembershipDebug|ARM.ActiveCfg = Debug|Any CPU
		{AF6CB4F3-3A42-49B1-90CA-03310EFAE89B}.MembershipDebug|Mixed Platforms.ActiveCfg = Debug|Any CPU
		{AF6CB4F3-3A42-49B1-90CA-03310EFAE89B}.MembershipDebug|Mixed Platforms.Build.0 = Debug|Any CPU
		{AF6CB4F3-3A42-49B1-90CA-03310EFAE89B}.MembershipDebug|x64.ActiveCfg = Debug|Any CPU
		{AF6CB4F3-3A42-49B1-90CA-03310EFAE89B}.MembershipDebug|x86.ActiveCfg = Debug|Any CPU
		{AF6CB4F3-3A42-49B1-90CA-03310EFAE89B}.Release|Any CPU.ActiveCfg = Release|Any CPU
		{AF6CB4F3-3A42-49B1-90CA-03310EFAE89B}.Release|Any CPU.Build.0 = Release|Any CPU
		{AF6CB4F3-3A42-49B1-90CA-03310EFAE89B}.Release|ARM.ActiveCfg = Release|Any CPU
		{AF6CB4F3-3A42-49B1-90CA-03310EFAE89B}.Release|Mixed Platforms.ActiveCfg = Release|Any CPU
		{AF6CB4F3-3A42-49B1-90CA-03310EFAE89B}.Release|Mixed Platforms.Build.0 = Release|Any CPU
		{AF6CB4F3-3A42-49B1-90CA-03310EFAE89B}.Release|x64.ActiveCfg = Release|Any CPU
		{AF6CB4F3-3A42-49B1-90CA-03310EFAE89B}.Release|x86.ActiveCfg = Release|Any CPU
		{97BEE0DF-85DB-4265-A5A7-C8C11B9C9322}.Debug|Any CPU.ActiveCfg = Debug|Any CPU
		{97BEE0DF-85DB-4265-A5A7-C8C11B9C9322}.Debug|Any CPU.Build.0 = Debug|Any CPU
		{97BEE0DF-85DB-4265-A5A7-C8C11B9C9322}.Debug|ARM.ActiveCfg = Debug|Any CPU
		{97BEE0DF-85DB-4265-A5A7-C8C11B9C9322}.Debug|Mixed Platforms.ActiveCfg = Debug|Any CPU
		{97BEE0DF-85DB-4265-A5A7-C8C11B9C9322}.Debug|Mixed Platforms.Build.0 = Debug|Any CPU
		{97BEE0DF-85DB-4265-A5A7-C8C11B9C9322}.Debug|x64.ActiveCfg = Debug|Any CPU
		{97BEE0DF-85DB-4265-A5A7-C8C11B9C9322}.Debug|x86.ActiveCfg = Debug|Any CPU
		{97BEE0DF-85DB-4265-A5A7-C8C11B9C9322}.HyperVDebug|Any CPU.ActiveCfg = Debug|Any CPU
		{97BEE0DF-85DB-4265-A5A7-C8C11B9C9322}.HyperVDebug|Any CPU.Build.0 = Debug|Any CPU
		{97BEE0DF-85DB-4265-A5A7-C8C11B9C9322}.HyperVDebug|ARM.ActiveCfg = Debug|Any CPU
		{97BEE0DF-85DB-4265-A5A7-C8C11B9C9322}.HyperVDebug|Mixed Platforms.ActiveCfg = Debug|Any CPU
		{97BEE0DF-85DB-4265-A5A7-C8C11B9C9322}.HyperVDebug|Mixed Platforms.Build.0 = Debug|Any CPU
		{97BEE0DF-85DB-4265-A5A7-C8C11B9C9322}.HyperVDebug|x64.ActiveCfg = Debug|Any CPU
		{97BEE0DF-85DB-4265-A5A7-C8C11B9C9322}.HyperVDebug|x86.ActiveCfg = Debug|Any CPU
		{97BEE0DF-85DB-4265-A5A7-C8C11B9C9322}.MembershipDebug|Any CPU.ActiveCfg = Debug|Any CPU
		{97BEE0DF-85DB-4265-A5A7-C8C11B9C9322}.MembershipDebug|Any CPU.Build.0 = Debug|Any CPU
		{97BEE0DF-85DB-4265-A5A7-C8C11B9C9322}.MembershipDebug|ARM.ActiveCfg = Debug|Any CPU
		{97BEE0DF-85DB-4265-A5A7-C8C11B9C9322}.MembershipDebug|Mixed Platforms.ActiveCfg = Debug|Any CPU
		{97BEE0DF-85DB-4265-A5A7-C8C11B9C9322}.MembershipDebug|Mixed Platforms.Build.0 = Debug|Any CPU
		{97BEE0DF-85DB-4265-A5A7-C8C11B9C9322}.MembershipDebug|x64.ActiveCfg = Debug|Any CPU
		{97BEE0DF-85DB-4265-A5A7-C8C11B9C9322}.MembershipDebug|x86.ActiveCfg = Debug|Any CPU
		{97BEE0DF-85DB-4265-A5A7-C8C11B9C9322}.Release|Any CPU.ActiveCfg = Release|Any CPU
		{97BEE0DF-85DB-4265-A5A7-C8C11B9C9322}.Release|Any CPU.Build.0 = Release|Any CPU
		{97BEE0DF-85DB-4265-A5A7-C8C11B9C9322}.Release|ARM.ActiveCfg = Release|Any CPU
		{97BEE0DF-85DB-4265-A5A7-C8C11B9C9322}.Release|Mixed Platforms.ActiveCfg = Release|Any CPU
		{97BEE0DF-85DB-4265-A5A7-C8C11B9C9322}.Release|Mixed Platforms.Build.0 = Release|Any CPU
		{97BEE0DF-85DB-4265-A5A7-C8C11B9C9322}.Release|x64.ActiveCfg = Release|Any CPU
		{97BEE0DF-85DB-4265-A5A7-C8C11B9C9322}.Release|x86.ActiveCfg = Release|Any CPU
		{D33BDA95-9E9B-4B97-BF2A-B3520D8928F3}.Debug|Any CPU.ActiveCfg = Debug|Any CPU
		{D33BDA95-9E9B-4B97-BF2A-B3520D8928F3}.Debug|Any CPU.Build.0 = Debug|Any CPU
		{D33BDA95-9E9B-4B97-BF2A-B3520D8928F3}.Debug|ARM.ActiveCfg = Debug|Any CPU
		{D33BDA95-9E9B-4B97-BF2A-B3520D8928F3}.Debug|Mixed Platforms.ActiveCfg = Debug|Any CPU
		{D33BDA95-9E9B-4B97-BF2A-B3520D8928F3}.Debug|Mixed Platforms.Build.0 = Debug|Any CPU
		{D33BDA95-9E9B-4B97-BF2A-B3520D8928F3}.Debug|x64.ActiveCfg = Debug|Any CPU
		{D33BDA95-9E9B-4B97-BF2A-B3520D8928F3}.Debug|x86.ActiveCfg = Debug|Any CPU
		{D33BDA95-9E9B-4B97-BF2A-B3520D8928F3}.HyperVDebug|Any CPU.ActiveCfg = Debug|Any CPU
		{D33BDA95-9E9B-4B97-BF2A-B3520D8928F3}.HyperVDebug|Any CPU.Build.0 = Debug|Any CPU
		{D33BDA95-9E9B-4B97-BF2A-B3520D8928F3}.HyperVDebug|ARM.ActiveCfg = Debug|Any CPU
		{D33BDA95-9E9B-4B97-BF2A-B3520D8928F3}.HyperVDebug|Mixed Platforms.ActiveCfg = Debug|Any CPU
		{D33BDA95-9E9B-4B97-BF2A-B3520D8928F3}.HyperVDebug|Mixed Platforms.Build.0 = Debug|Any CPU
		{D33BDA95-9E9B-4B97-BF2A-B3520D8928F3}.HyperVDebug|x64.ActiveCfg = Debug|Any CPU
		{D33BDA95-9E9B-4B97-BF2A-B3520D8928F3}.HyperVDebug|x86.ActiveCfg = Debug|Any CPU
		{D33BDA95-9E9B-4B97-BF2A-B3520D8928F3}.MembershipDebug|Any CPU.ActiveCfg = Debug|Any CPU
		{D33BDA95-9E9B-4B97-BF2A-B3520D8928F3}.MembershipDebug|Any CPU.Build.0 = Debug|Any CPU
		{D33BDA95-9E9B-4B97-BF2A-B3520D8928F3}.MembershipDebug|ARM.ActiveCfg = Debug|Any CPU
		{D33BDA95-9E9B-4B97-BF2A-B3520D8928F3}.MembershipDebug|Mixed Platforms.ActiveCfg = Debug|Any CPU
		{D33BDA95-9E9B-4B97-BF2A-B3520D8928F3}.MembershipDebug|Mixed Platforms.Build.0 = Debug|Any CPU
		{D33BDA95-9E9B-4B97-BF2A-B3520D8928F3}.MembershipDebug|x64.ActiveCfg = Debug|Any CPU
		{D33BDA95-9E9B-4B97-BF2A-B3520D8928F3}.MembershipDebug|x86.ActiveCfg = Debug|Any CPU
		{D33BDA95-9E9B-4B97-BF2A-B3520D8928F3}.Release|Any CPU.ActiveCfg = Release|Any CPU
		{D33BDA95-9E9B-4B97-BF2A-B3520D8928F3}.Release|Any CPU.Build.0 = Release|Any CPU
		{D33BDA95-9E9B-4B97-BF2A-B3520D8928F3}.Release|ARM.ActiveCfg = Release|Any CPU
		{D33BDA95-9E9B-4B97-BF2A-B3520D8928F3}.Release|Mixed Platforms.ActiveCfg = Release|Any CPU
		{D33BDA95-9E9B-4B97-BF2A-B3520D8928F3}.Release|Mixed Platforms.Build.0 = Release|Any CPU
		{D33BDA95-9E9B-4B97-BF2A-B3520D8928F3}.Release|x64.ActiveCfg = Release|Any CPU
		{D33BDA95-9E9B-4B97-BF2A-B3520D8928F3}.Release|x86.ActiveCfg = Release|Any CPU
		{359A6D31-18DB-403A-8807-3713340AA331}.Debug|Any CPU.ActiveCfg = Debug|Any CPU
		{359A6D31-18DB-403A-8807-3713340AA331}.Debug|Any CPU.Build.0 = Debug|Any CPU
		{359A6D31-18DB-403A-8807-3713340AA331}.Debug|ARM.ActiveCfg = Debug|Any CPU
		{359A6D31-18DB-403A-8807-3713340AA331}.Debug|Mixed Platforms.ActiveCfg = Debug|Any CPU
		{359A6D31-18DB-403A-8807-3713340AA331}.Debug|Mixed Platforms.Build.0 = Debug|Any CPU
		{359A6D31-18DB-403A-8807-3713340AA331}.Debug|x64.ActiveCfg = Debug|Any CPU
		{359A6D31-18DB-403A-8807-3713340AA331}.Debug|x86.ActiveCfg = Debug|Any CPU
		{359A6D31-18DB-403A-8807-3713340AA331}.HyperVDebug|Any CPU.ActiveCfg = Debug|Any CPU
		{359A6D31-18DB-403A-8807-3713340AA331}.HyperVDebug|Any CPU.Build.0 = Debug|Any CPU
		{359A6D31-18DB-403A-8807-3713340AA331}.HyperVDebug|ARM.ActiveCfg = Debug|Any CPU
		{359A6D31-18DB-403A-8807-3713340AA331}.HyperVDebug|Mixed Platforms.ActiveCfg = Debug|Any CPU
		{359A6D31-18DB-403A-8807-3713340AA331}.HyperVDebug|Mixed Platforms.Build.0 = Debug|Any CPU
		{359A6D31-18DB-403A-8807-3713340AA331}.HyperVDebug|x64.ActiveCfg = Debug|Any CPU
		{359A6D31-18DB-403A-8807-3713340AA331}.HyperVDebug|x86.ActiveCfg = Debug|Any CPU
		{359A6D31-18DB-403A-8807-3713340AA331}.MembershipDebug|Any CPU.ActiveCfg = Debug|Any CPU
		{359A6D31-18DB-403A-8807-3713340AA331}.MembershipDebug|Any CPU.Build.0 = Debug|Any CPU
		{359A6D31-18DB-403A-8807-3713340AA331}.MembershipDebug|ARM.ActiveCfg = Debug|Any CPU
		{359A6D31-18DB-403A-8807-3713340AA331}.MembershipDebug|Mixed Platforms.ActiveCfg = Debug|Any CPU
		{359A6D31-18DB-403A-8807-3713340AA331}.MembershipDebug|Mixed Platforms.Build.0 = Debug|Any CPU
		{359A6D31-18DB-403A-8807-3713340AA331}.MembershipDebug|x64.ActiveCfg = Debug|Any CPU
		{359A6D31-18DB-403A-8807-3713340AA331}.MembershipDebug|x86.ActiveCfg = Debug|Any CPU
		{359A6D31-18DB-403A-8807-3713340AA331}.Release|Any CPU.ActiveCfg = Release|Any CPU
		{359A6D31-18DB-403A-8807-3713340AA331}.Release|Any CPU.Build.0 = Release|Any CPU
		{359A6D31-18DB-403A-8807-3713340AA331}.Release|ARM.ActiveCfg = Release|Any CPU
		{359A6D31-18DB-403A-8807-3713340AA331}.Release|Mixed Platforms.ActiveCfg = Release|Any CPU
		{359A6D31-18DB-403A-8807-3713340AA331}.Release|Mixed Platforms.Build.0 = Release|Any CPU
		{359A6D31-18DB-403A-8807-3713340AA331}.Release|x64.ActiveCfg = Release|Any CPU
		{359A6D31-18DB-403A-8807-3713340AA331}.Release|x86.ActiveCfg = Release|Any CPU
		{5243104C-6260-4950-AFEC-103F425CCD2B}.Debug|Any CPU.ActiveCfg = Debug|Any CPU
		{5243104C-6260-4950-AFEC-103F425CCD2B}.Debug|Any CPU.Build.0 = Debug|Any CPU
		{5243104C-6260-4950-AFEC-103F425CCD2B}.Debug|ARM.ActiveCfg = Debug|Any CPU
		{5243104C-6260-4950-AFEC-103F425CCD2B}.Debug|Mixed Platforms.ActiveCfg = Debug|Any CPU
		{5243104C-6260-4950-AFEC-103F425CCD2B}.Debug|Mixed Platforms.Build.0 = Debug|Any CPU
		{5243104C-6260-4950-AFEC-103F425CCD2B}.Debug|x64.ActiveCfg = Debug|Any CPU
		{5243104C-6260-4950-AFEC-103F425CCD2B}.Debug|x86.ActiveCfg = Debug|Any CPU
		{5243104C-6260-4950-AFEC-103F425CCD2B}.HyperVDebug|Any CPU.ActiveCfg = Debug|Any CPU
		{5243104C-6260-4950-AFEC-103F425CCD2B}.HyperVDebug|Any CPU.Build.0 = Debug|Any CPU
		{5243104C-6260-4950-AFEC-103F425CCD2B}.HyperVDebug|ARM.ActiveCfg = Debug|Any CPU
		{5243104C-6260-4950-AFEC-103F425CCD2B}.HyperVDebug|Mixed Platforms.ActiveCfg = Debug|Any CPU
		{5243104C-6260-4950-AFEC-103F425CCD2B}.HyperVDebug|Mixed Platforms.Build.0 = Debug|Any CPU
		{5243104C-6260-4950-AFEC-103F425CCD2B}.HyperVDebug|x64.ActiveCfg = Debug|Any CPU
		{5243104C-6260-4950-AFEC-103F425CCD2B}.HyperVDebug|x86.ActiveCfg = Debug|Any CPU
		{5243104C-6260-4950-AFEC-103F425CCD2B}.MembershipDebug|Any CPU.ActiveCfg = Debug|Any CPU
		{5243104C-6260-4950-AFEC-103F425CCD2B}.MembershipDebug|Any CPU.Build.0 = Debug|Any CPU
		{5243104C-6260-4950-AFEC-103F425CCD2B}.MembershipDebug|ARM.ActiveCfg = Debug|Any CPU
		{5243104C-6260-4950-AFEC-103F425CCD2B}.MembershipDebug|Mixed Platforms.ActiveCfg = Debug|Any CPU
		{5243104C-6260-4950-AFEC-103F425CCD2B}.MembershipDebug|Mixed Platforms.Build.0 = Debug|Any CPU
		{5243104C-6260-4950-AFEC-103F425CCD2B}.MembershipDebug|x64.ActiveCfg = Debug|Any CPU
		{5243104C-6260-4950-AFEC-103F425CCD2B}.MembershipDebug|x86.ActiveCfg = Debug|Any CPU
		{5243104C-6260-4950-AFEC-103F425CCD2B}.Release|Any CPU.ActiveCfg = Release|Any CPU
		{5243104C-6260-4950-AFEC-103F425CCD2B}.Release|Any CPU.Build.0 = Release|Any CPU
		{5243104C-6260-4950-AFEC-103F425CCD2B}.Release|ARM.ActiveCfg = Release|Any CPU
		{5243104C-6260-4950-AFEC-103F425CCD2B}.Release|Mixed Platforms.ActiveCfg = Release|Any CPU
		{5243104C-6260-4950-AFEC-103F425CCD2B}.Release|Mixed Platforms.Build.0 = Release|Any CPU
		{5243104C-6260-4950-AFEC-103F425CCD2B}.Release|x64.ActiveCfg = Release|Any CPU
		{5243104C-6260-4950-AFEC-103F425CCD2B}.Release|x86.ActiveCfg = Release|Any CPU
		{13408D58-4E0B-444D-BF71-F9ABAC7803FA}.Debug|Any CPU.ActiveCfg = Debug|Any CPU
		{13408D58-4E0B-444D-BF71-F9ABAC7803FA}.Debug|Any CPU.Build.0 = Debug|Any CPU
		{13408D58-4E0B-444D-BF71-F9ABAC7803FA}.Debug|ARM.ActiveCfg = Debug|Any CPU
		{13408D58-4E0B-444D-BF71-F9ABAC7803FA}.Debug|Mixed Platforms.ActiveCfg = Debug|Any CPU
		{13408D58-4E0B-444D-BF71-F9ABAC7803FA}.Debug|Mixed Platforms.Build.0 = Debug|Any CPU
		{13408D58-4E0B-444D-BF71-F9ABAC7803FA}.Debug|x64.ActiveCfg = Debug|Any CPU
		{13408D58-4E0B-444D-BF71-F9ABAC7803FA}.Debug|x86.ActiveCfg = Debug|Any CPU
		{13408D58-4E0B-444D-BF71-F9ABAC7803FA}.HyperVDebug|Any CPU.ActiveCfg = Debug|Any CPU
		{13408D58-4E0B-444D-BF71-F9ABAC7803FA}.HyperVDebug|Any CPU.Build.0 = Debug|Any CPU
		{13408D58-4E0B-444D-BF71-F9ABAC7803FA}.HyperVDebug|ARM.ActiveCfg = Debug|Any CPU
		{13408D58-4E0B-444D-BF71-F9ABAC7803FA}.HyperVDebug|Mixed Platforms.ActiveCfg = Debug|Any CPU
		{13408D58-4E0B-444D-BF71-F9ABAC7803FA}.HyperVDebug|Mixed Platforms.Build.0 = Debug|Any CPU
		{13408D58-4E0B-444D-BF71-F9ABAC7803FA}.HyperVDebug|x64.ActiveCfg = Debug|Any CPU
		{13408D58-4E0B-444D-BF71-F9ABAC7803FA}.HyperVDebug|x86.ActiveCfg = Debug|Any CPU
		{13408D58-4E0B-444D-BF71-F9ABAC7803FA}.MembershipDebug|Any CPU.ActiveCfg = Debug|Any CPU
		{13408D58-4E0B-444D-BF71-F9ABAC7803FA}.MembershipDebug|Any CPU.Build.0 = Debug|Any CPU
		{13408D58-4E0B-444D-BF71-F9ABAC7803FA}.MembershipDebug|ARM.ActiveCfg = Debug|Any CPU
		{13408D58-4E0B-444D-BF71-F9ABAC7803FA}.MembershipDebug|Mixed Platforms.ActiveCfg = Debug|Any CPU
		{13408D58-4E0B-444D-BF71-F9ABAC7803FA}.MembershipDebug|Mixed Platforms.Build.0 = Debug|Any CPU
		{13408D58-4E0B-444D-BF71-F9ABAC7803FA}.MembershipDebug|x64.ActiveCfg = Debug|Any CPU
		{13408D58-4E0B-444D-BF71-F9ABAC7803FA}.MembershipDebug|x86.ActiveCfg = Debug|Any CPU
		{13408D58-4E0B-444D-BF71-F9ABAC7803FA}.Release|Any CPU.ActiveCfg = Debug|Any CPU
		{13408D58-4E0B-444D-BF71-F9ABAC7803FA}.Release|Any CPU.Build.0 = Debug|Any CPU
		{13408D58-4E0B-444D-BF71-F9ABAC7803FA}.Release|ARM.ActiveCfg = Debug|Any CPU
		{13408D58-4E0B-444D-BF71-F9ABAC7803FA}.Release|Mixed Platforms.ActiveCfg = Debug|Any CPU
		{13408D58-4E0B-444D-BF71-F9ABAC7803FA}.Release|Mixed Platforms.Build.0 = Debug|Any CPU
		{13408D58-4E0B-444D-BF71-F9ABAC7803FA}.Release|x64.ActiveCfg = Debug|Any CPU
		{13408D58-4E0B-444D-BF71-F9ABAC7803FA}.Release|x86.ActiveCfg = Debug|Any CPU
		{8356AD41-8858-4433-A318-4A9593B1D722}.Debug|Any CPU.ActiveCfg = Debug|Any CPU
		{8356AD41-8858-4433-A318-4A9593B1D722}.Debug|Any CPU.Build.0 = Debug|Any CPU
		{8356AD41-8858-4433-A318-4A9593B1D722}.Debug|ARM.ActiveCfg = Debug|Any CPU
		{8356AD41-8858-4433-A318-4A9593B1D722}.Debug|Mixed Platforms.ActiveCfg = Debug|Any CPU
		{8356AD41-8858-4433-A318-4A9593B1D722}.Debug|Mixed Platforms.Build.0 = Debug|Any CPU
		{8356AD41-8858-4433-A318-4A9593B1D722}.Debug|x64.ActiveCfg = Debug|Any CPU
		{8356AD41-8858-4433-A318-4A9593B1D722}.Debug|x86.ActiveCfg = Debug|Any CPU
		{8356AD41-8858-4433-A318-4A9593B1D722}.HyperVDebug|Any CPU.ActiveCfg = Debug|Any CPU
		{8356AD41-8858-4433-A318-4A9593B1D722}.HyperVDebug|Any CPU.Build.0 = Debug|Any CPU
		{8356AD41-8858-4433-A318-4A9593B1D722}.HyperVDebug|ARM.ActiveCfg = Debug|Any CPU
		{8356AD41-8858-4433-A318-4A9593B1D722}.HyperVDebug|Mixed Platforms.ActiveCfg = Debug|Any CPU
		{8356AD41-8858-4433-A318-4A9593B1D722}.HyperVDebug|Mixed Platforms.Build.0 = Debug|Any CPU
		{8356AD41-8858-4433-A318-4A9593B1D722}.HyperVDebug|x64.ActiveCfg = Debug|Any CPU
		{8356AD41-8858-4433-A318-4A9593B1D722}.HyperVDebug|x86.ActiveCfg = Debug|Any CPU
		{8356AD41-8858-4433-A318-4A9593B1D722}.MembershipDebug|Any CPU.ActiveCfg = Debug|Any CPU
		{8356AD41-8858-4433-A318-4A9593B1D722}.MembershipDebug|Any CPU.Build.0 = Debug|Any CPU
		{8356AD41-8858-4433-A318-4A9593B1D722}.MembershipDebug|ARM.ActiveCfg = Debug|Any CPU
		{8356AD41-8858-4433-A318-4A9593B1D722}.MembershipDebug|Mixed Platforms.ActiveCfg = Debug|Any CPU
		{8356AD41-8858-4433-A318-4A9593B1D722}.MembershipDebug|Mixed Platforms.Build.0 = Debug|Any CPU
		{8356AD41-8858-4433-A318-4A9593B1D722}.MembershipDebug|x64.ActiveCfg = Debug|Any CPU
		{8356AD41-8858-4433-A318-4A9593B1D722}.MembershipDebug|x86.ActiveCfg = Debug|Any CPU
		{8356AD41-8858-4433-A318-4A9593B1D722}.Release|Any CPU.ActiveCfg = Release|Any CPU
		{8356AD41-8858-4433-A318-4A9593B1D722}.Release|Any CPU.Build.0 = Release|Any CPU
		{8356AD41-8858-4433-A318-4A9593B1D722}.Release|ARM.ActiveCfg = Release|Any CPU
		{8356AD41-8858-4433-A318-4A9593B1D722}.Release|Mixed Platforms.ActiveCfg = Release|Any CPU
		{8356AD41-8858-4433-A318-4A9593B1D722}.Release|Mixed Platforms.Build.0 = Release|Any CPU
		{8356AD41-8858-4433-A318-4A9593B1D722}.Release|x64.ActiveCfg = Release|Any CPU
		{8356AD41-8858-4433-A318-4A9593B1D722}.Release|x86.ActiveCfg = Release|Any CPU
	EndGlobalSection
	GlobalSection(SolutionProperties) = preSolution
		HideSolutionNode = FALSE
	EndGlobalSection
	GlobalSection(NestedProjects) = preSolution
		{E9B26A78-06FF-4D79-9C37-D4198DF126EB} = {26C421B0-BE87-4069-96D8-A0340BF4A50C}
		{6727C03B-4CF9-4670-B2EC-63FACFBE5DFA} = {26C421B0-BE87-4069-96D8-A0340BF4A50C}
		{AF6CB4F3-3A42-49B1-90CA-03310EFAE89B} = {26C421B0-BE87-4069-96D8-A0340BF4A50C}
		{97BEE0DF-85DB-4265-A5A7-C8C11B9C9322} = {26C421B0-BE87-4069-96D8-A0340BF4A50C}
		{D33BDA95-9E9B-4B97-BF2A-B3520D8928F3} = {26C421B0-BE87-4069-96D8-A0340BF4A50C}
		{359A6D31-18DB-403A-8807-3713340AA331} = {AF5B479B-32EE-45F3-AEBF-2F220F554F4E}
		{5243104C-6260-4950-AFEC-103F425CCD2B} = {AF5B479B-32EE-45F3-AEBF-2F220F554F4E}
		{13408D58-4E0B-444D-BF71-F9ABAC7803FA} = {C2161ECB-0FD1-4E36-8CA5-5C977D10BA1B}
		{8356AD41-8858-4433-A318-4A9593B1D722} = {AF5B479B-32EE-45F3-AEBF-2F220F554F4E}
	EndGlobalSection
EndGlobal
